
Microsoft Visual Studio Solution File, Format Version 12.00
# Visual Studio 11
Project("{FAE04EC0-301F-11D3-BF4B-00C04F79EFBC}") = "MassTransit.Cluster", "src\MassTransit.Cluster\MassTransit.Cluster.csproj", "{A512BCB7-9B2A-4118-BB02-6110C2B499F8}"
EndProject
Project("{2150E333-8FDC-42A3-9474-1A3956D46DE8}") = ".nuget", ".nuget", "{9838BB5C-ECE9-44E4-A242-D433939AE33D}"
	ProjectSection(SolutionItems) = preProject
		.nuget\NuGet.exe = .nuget\NuGet.exe
		.nuget\NuGet.targets = .nuget\NuGet.targets
	EndProjectSection
EndProject
Project("{FAE04EC0-301F-11D3-BF4B-00C04F79EFBC}") = "MassTransit.Cluster.Tests", "src\MassTransit.Cluster.Tests\MassTransit.Cluster.Tests.csproj", "{D09E32FD-96E0-460C-8726-3A81E4B8FD76}"
EndProject
Global
	GlobalSection(SolutionConfigurationPlatforms) = preSolution
		Debug|Any CPU = Debug|Any CPU
		Release|Any CPU = Release|Any CPU
	EndGlobalSection
	GlobalSection(ProjectConfigurationPlatforms) = postSolution
		{A512BCB7-9B2A-4118-BB02-6110C2B499F8}.Debug|Any CPU.ActiveCfg = Debug|Any CPU
		{A512BCB7-9B2A-4118-BB02-6110C2B499F8}.Debug|Any CPU.Build.0 = Debug|Any CPU
		{A512BCB7-9B2A-4118-BB02-6110C2B499F8}.Release|Any CPU.ActiveCfg = Release|Any CPU
		{A512BCB7-9B2A-4118-BB02-6110C2B499F8}.Release|Any CPU.Build.0 = Release|Any CPU
		{D09E32FD-96E0-460C-8726-3A81E4B8FD76}.Debug|Any CPU.ActiveCfg = Debug|Any CPU
		{D09E32FD-96E0-460C-8726-3A81E4B8FD76}.Debug|Any CPU.Build.0 = Debug|Any CPU
		{D09E32FD-96E0-460C-8726-3A81E4B8FD76}.Release|Any CPU.ActiveCfg = Release|Any CPU
		{D09E32FD-96E0-460C-8726-3A81E4B8FD76}.Release|Any CPU.Build.0 = Release|Any CPU
	EndGlobalSection
	GlobalSection(SolutionProperties) = preSolution
		HideSolutionNode = FALSE
	EndGlobalSection
EndGlobal
